{
  "name": "sample-clean",
  "version": "1.0.0",
  "lockfileVersion": 3,
  "packages": {
    "": {
      "name": "sample-clean",
      "version": "1.0.0",
      "dependencies": {
        "react": "^19.1.0",
        "axios": "^1.7.0"
      },
      "devDependencies": {
        "vite": "^5.0.0"
      }
    },
    "node_modules/react": {
      "version": "19.1.0"
    },
    "node_modules/axios": {
      "version": "1.7.0"
    },
    "node_modules/vite": {
      "version": "5.0.0"
    }
  }
}