{
  "name": "sample-duplicate-versions",
  "version": "1.0.0",
  "lockfileVersion": 3,
  "packages": {
    "": {
      "name": "sample-duplicate-versions",
      "version": "1.0.0",
      "dependencies": {
        "pkg-a": "^1.0.0",
        "pkg-b": "^1.0.0"
      }
    },
    "node_modules/pkg-a": {
      "version": "1.0.0"
    },
    "node_modules/pkg-b": {
      "version": "1.0.0"
    },
    "node_modules/pkg-a/node_modules/lodash": {
      "version": "4.17.20"
    },
    "node_modules/pkg-b/node_modules/lodash": {
      "version": "4.17.21"
    }
  }
}